
Microsoft Visual Studio Solution File, Format Version 12.00
# Visual Studio Version 16
VisualStudioVersion = 16.0.31729.503
MinimumVisualStudioVersion = 10.0.40219.1
Project("{888888A0-9F3D-457C-B088-3A5042F75D52}") = "SeleniumTest", "SeleniumTest\SeleniumTest.pyproj", "{80740D22-DDC9-4F54-A7F2-9AE4D6167CF0}"
EndProject
Global
	GlobalSection(SolutionConfigurationPlatforms) = preSolution
		Debug|Any CPU = Debug|Any CPU
		Release|Any CPU = Release|Any CPU
	EndGlobalSection
	GlobalSection(ProjectConfigurationPlatforms) = postSolution
		{80740D22-DDC9-4F54-A7F2-9AE4D6167CF0}.Debug|Any CPU.ActiveCfg = Debug|Any CPU
		{80740D22-DDC9-4F54-A7F2-9AE4D6167CF0}.Release|Any CPU.ActiveCfg = Release|Any CPU
	EndGlobalSection
	GlobalSection(SolutionProperties) = preSolution
		HideSolutionNode = FALSE
	EndGlobalSection
	GlobalSection(ExtensibilityGlobals) = postSolution
		SolutionGuid = {F157B912-210D-44D5-8303-96DD462DA00D}
	EndGlobalSection
EndGlobal
